
Microsoft Visual Studio Solution File, Format Version 12.00
# Visual Studio Version 16
VisualStudioVersion = 16.0.30002.166
MinimumVisualStudioVersion = 10.0.40219.1
Project("{9A19103F-16F7-4668-BE54-9A1E7A4F7556}") = "BlogElasticSearchService", "BlogElasticSearchService.csproj", "{2B6D6314-FD2D-46B4-BCE8-1DBFEB1BED51}"
EndProject
Global
	GlobalSection(SolutionConfigurationPlatforms) = preSolution
		Debug|Any CPU = Debug|Any CPU
		Release|Any CPU = Release|Any CPU
	EndGlobalSection
	GlobalSection(ProjectConfigurationPlatforms) = postSolution
		{2B6D6314-FD2D-46B4-BCE8-1DBFEB1BED51}.Debug|Any CPU.ActiveCfg = Debug|Any CPU
		{2B6D6314-FD2D-46B4-BCE8-1DBFEB1BED51}.Debug|Any CPU.Build.0 = Debug|Any CPU
		{2B6D6314-FD2D-46B4-BCE8-1DBFEB1BED51}.Release|Any CPU.ActiveCfg = Release|Any CPU
		{2B6D6314-FD2D-46B4-BCE8-1DBFEB1BED51}.Release|Any CPU.Build.0 = Release|Any CPU
	EndGlobalSection
	GlobalSection(SolutionProperties) = preSolution
		HideSolutionNode = FALSE
	EndGlobalSection
	GlobalSection(ExtensibilityGlobals) = postSolution
		SolutionGuid = {659AFF35-CC56-4730-B8E4-0F59587A9B78}
	EndGlobalSection
EndGlobal
